{
    "_meta": {
        "hash": {
            "sha256": "2d25cf7eb1c68bca3de98ef0548b1e3b5bffa4f171bb44c12c41f19eed880ced"
        },
        "pipfile-spec": 6,
        "requires": {
            "python_version": "3.9"
        },
        "sources": [
            {
                "name": "pypi",
                "url": "https://pypi.org/simple",
                "verify_ssl": true
            }
        ]
    },
    "default": {
        "intelhex": {
            "hashes": [
                "sha256:87cc5225657524ec6361354be928adfd56bcf2a3dcc646c40f8f094c39c07db4",
                "sha256:892b7361a719f4945237da8ccf754e9513db32f5628852785aea108dcd250093"
            ],
            "index": "pypi",
            "version": "==2.3.0"
        },
        "pyserial": {
            "hashes": [
                "sha256:3c77e014170dfffbd816e6ffc205e9842efb10be9f58ec16d3e8675b4925cddb",
                "sha256:c4451db6ba391ca6ca299fb3ec7bae67a5c55dde170964c7a14ceefec02f2cf0"
            ],
            "index": "pypi",
            "version": "==3.5"
        }
    },
    "develop": {}
}
